
Microsoft Visual Studio Solution File, Format Version 12.00
# Visual Studio 15
VisualStudioVersion = 15.0.28307.168
MinimumVisualStudioVersion = 10.0.40219.1
Project("{FAE04EC0-301F-11D3-BF4B-00C04F79EFBC}") = "App1.Android", "App1\App1.Android\App1.Android.csproj", "{193F7956-94AF-4CD4-A7DC-980B0F7DB6A5}"
EndProject
Project("{FAE04EC0-301F-11D3-BF4B-00C04F79EFBC}") = "App1", "App1\App1\App1.csproj", "{8F86578E-1BB5-418A-9E6A-B4A69562EF7D}"
EndProject
Global
	GlobalSection(SolutionConfigurationPlatforms) = preSolution
		Debug|Any CPU = Debug|Any CPU
		Release|Any CPU = Release|Any CPU
	EndGlobalSection
	GlobalSection(ProjectConfigurationPlatforms) = postSolution
		{193F7956-94AF-4CD4-A7DC-980B0F7DB6A5}.Debug|Any CPU.ActiveCfg = Debug|Any CPU
		{193F7956-94AF-4CD4-A7DC-980B0F7DB6A5}.Debug|Any CPU.Build.0 = Debug|Any CPU
		{193F7956-94AF-4CD4-A7DC-980B0F7DB6A5}.Debug|Any CPU.Deploy.0 = Debug|Any CPU
		{193F7956-94AF-4CD4-A7DC-980B0F7DB6A5}.Release|Any CPU.ActiveCfg = Release|Any CPU
		{193F7956-94AF-4CD4-A7DC-980B0F7DB6A5}.Release|Any CPU.Build.0 = Release|Any CPU
		{193F7956-94AF-4CD4-A7DC-980B0F7DB6A5}.Release|Any CPU.Deploy.0 = Release|Any CPU
		{8F86578E-1BB5-418A-9E6A-B4A69562EF7D}.Debug|Any CPU.ActiveCfg = Debug|Any CPU
		{8F86578E-1BB5-418A-9E6A-B4A69562EF7D}.Debug|Any CPU.Build.0 = Debug|Any CPU
		{8F86578E-1BB5-418A-9E6A-B4A69562EF7D}.Release|Any CPU.ActiveCfg = Release|Any CPU
		{8F86578E-1BB5-418A-9E6A-B4A69562EF7D}.Release|Any CPU.Build.0 = Release|Any CPU
	EndGlobalSection
	GlobalSection(SolutionProperties) = preSolution
		HideSolutionNode = FALSE
	EndGlobalSection
	GlobalSection(ExtensibilityGlobals) = postSolution
		SolutionGuid = {45620207-D8B0-4A06-A880-95B406AA7D09}
	EndGlobalSection
EndGlobal
