
Microsoft Visual Studio Solution File, Format Version 12.00
# Visual Studio 15
VisualStudioVersion = 15.0.28307.168
MinimumVisualStudioVersion = 10.0.40219.1
Project("{FAE04EC0-301F-11D3-BF4B-00C04F79EFBC}") = "ejercicio_ma.Android", "ejercicio_ma\ejercicio_ma.Android\ejercicio_ma.Android.csproj", "{C6C39DBA-9432-4676-B989-C7AFAB186E5A}"
EndProject
Project("{FAE04EC0-301F-11D3-BF4B-00C04F79EFBC}") = "ejercicio_ma.iOS", "ejercicio_ma\ejercicio_ma.iOS\ejercicio_ma.iOS.csproj", "{E4C088E4-BE39-428C-85D5-BCB193F96AAD}"
EndProject
Project("{FAE04EC0-301F-11D3-BF4B-00C04F79EFBC}") = "ejercicio_ma.UWP", "ejercicio_ma\ejercicio_ma.UWP\ejercicio_ma.UWP.csproj", "{4FA4FC64-773B-4E22-B5D2-FE2CE8FD4FAA}"
EndProject
Project("{FAE04EC0-301F-11D3-BF4B-00C04F79EFBC}") = "ejercicio_ma", "ejercicio_ma\ejercicio_ma\ejercicio_ma.csproj", "{B3169C46-2723-4BC1-8E25-DA46DB616C0F}"
EndProject
Global
	GlobalSection(SolutionConfigurationPlatforms) = preSolution
		Ad-Hoc|Any CPU = Ad-Hoc|Any CPU
		Ad-Hoc|ARM = Ad-Hoc|ARM
		Ad-Hoc|iPhone = Ad-Hoc|iPhone
		Ad-Hoc|iPhoneSimulator = Ad-Hoc|iPhoneSimulator
		Ad-Hoc|x64 = Ad-Hoc|x64
		Ad-Hoc|x86 = Ad-Hoc|x86
		AppStore|Any CPU = AppStore|Any CPU
		AppStore|ARM = AppStore|ARM
		AppStore|iPhone = AppStore|iPhone
		AppStore|iPhoneSimulator = AppStore|iPhoneSimulator
		AppStore|x64 = AppStore|x64
		AppStore|x86 = AppStore|x86
		Debug|Any CPU = Debug|Any CPU
		Debug|ARM = Debug|ARM
		Debug|iPhone = Debug|iPhone
		Debug|iPhoneSimulator = Debug|iPhoneSimulator
		Debug|x64 = Debug|x64
		Debug|x86 = Debug|x86
		Release|Any CPU = Release|Any CPU
		Release|ARM = Release|ARM
		Release|iPhone = Release|iPhone
		Release|iPhoneSimulator = Release|iPhoneSimulator
		Release|x64 = Release|x64
		Release|x86 = Release|x86
	EndGlobalSection
	GlobalSection(ProjectConfigurationPlatforms) = postSolution
		{C6C39DBA-9432-4676-B989-C7AFAB186E5A}.Ad-Hoc|Any CPU.ActiveCfg = Release|Any CPU
		{C6C39DBA-9432-4676-B989-C7AFAB186E5A}.Ad-Hoc|Any CPU.Build.0 = Release|Any CPU
		{C6C39DBA-9432-4676-B989-C7AFAB186E5A}.Ad-Hoc|Any CPU.Deploy.0 = Release|Any CPU
		{C6C39DBA-9432-4676-B989-C7AFAB186E5A}.Ad-Hoc|ARM.ActiveCfg = Release|Any CPU
		{C6C39DBA-9432-4676-B989-C7AFAB186E5A}.Ad-Hoc|ARM.Build.0 = Release|Any CPU
		{C6C39DBA-9432-4676-B989-C7AFAB186E5A}.Ad-Hoc|ARM.Deploy.0 = Release|Any CPU
		{C6C39DBA-9432-4676-B989-C7AFAB186E5A}.Ad-Hoc|iPhone.ActiveCfg = Release|Any CPU
		{C6C39DBA-9432-4676-B989-C7AFAB186E5A}.Ad-Hoc|iPhone.Build.0 = Release|Any CPU
		{C6C39DBA-9432-4676-B989-C7AFAB186E5A}.Ad-Hoc|iPhone.Deploy.0 = Release|Any CPU
		{C6C39DBA-9432-4676-B989-C7AFAB186E5A}.Ad-Hoc|iPhoneSimulator.ActiveCfg = Release|Any CPU
		{C6C39DBA-9432-4676-B989-C7AFAB186E5A}.Ad-Hoc|iPhoneSimulator.Build.0 = Release|Any CPU
		{C6C39DBA-9432-4676-B989-C7AFAB186E5A}.Ad-Hoc|iPhoneSimulator.Deploy.0 = Release|Any CPU
		{C6C39DBA-9432-4676-B989-C7AFAB186E5A}.Ad-Hoc|x64.ActiveCfg = Release|Any CPU
		{C6C39DBA-9432-4676-B989-C7AFAB186E5A}.Ad-Hoc|x64.Build.0 = Release|Any CPU
		{C6C39DBA-9432-4676-B989-C7AFAB186E5A}.Ad-Hoc|x64.Deploy.0 = Release|Any CPU
		{C6C39DBA-9432-4676-B989-C7AFAB186E5A}.Ad-Hoc|x86.ActiveCfg = Release|Any CPU
		{C6C39DBA-9432-4676-B989-C7AFAB186E5A}.Ad-Hoc|x86.Build.0 = Release|Any CPU
		{C6C39DBA-9432-4676-B989-C7AFAB186E5A}.Ad-Hoc|x86.Deploy.0 = Release|Any CPU
		{C6C39DBA-9432-4676-B989-C7AFAB186E5A}.AppStore|Any CPU.ActiveCfg = Release|Any CPU
		{C6C39DBA-9432-4676-B989-C7AFAB186E5A}.AppStore|Any CPU.Build.0 = Release|Any CPU
		{C6C39DBA-9432-4676-B989-C7AFAB186E5A}.AppStore|Any CPU.Deploy.0 = Release|Any CPU
		{C6C39DBA-9432-4676-B989-C7AFAB186E5A}.AppStore|ARM.ActiveCfg = Release|Any CPU
		{C6C39DBA-9432-4676-B989-C7AFAB186E5A}.AppStore|ARM.Build.0 = Release|Any CPU
		{C6C39DBA-9432-4676-B989-C7AFAB186E5A}.AppStore|ARM.Deploy.0 = Release|Any CPU
		{C6C39DBA-9432-4676-B989-C7AFAB186E5A}.AppStore|iPhone.ActiveCfg = Release|Any CPU
		{C6C39DBA-9432-4676-B989-C7AFAB186E5A}.AppStore|iPhone.Build.0 = Release|Any CPU
		{C6C39DBA-9432-4676-B989-C7AFAB186E5A}.AppStore|iPhone.Deploy.0 = Release|Any CPU
		{C6C39DBA-9432-4676-B989-C7AFAB186E5A}.AppStore|iPhoneSimulator.ActiveCfg = Release|Any CPU
		{C6C39DBA-9432-4676-B989-C7AFAB186E5A}.AppStore|iPhoneSimulator.Build.0 = Release|Any CPU
		{C6C39DBA-9432-4676-B989-C7AFAB186E5A}.AppStore|iPhoneSimulator.Deploy.0 = Release|Any CPU
		{C6C39DBA-9432-4676-B989-C7AFAB186E5A}.AppStore|x64.ActiveCfg = Release|Any CPU
		{C6C39DBA-9432-4676-B989-C7AFAB186E5A}.AppStore|x64.Build.0 = Release|Any CPU
		{C6C39DBA-9432-4676-B989-C7AFAB186E5A}.AppStore|x64.Deploy.0 = Release|Any CPU
		{C6C39DBA-9432-4676-B989-C7AFAB186E5A}.AppStore|x86.ActiveCfg = Release|Any CPU
		{C6C39DBA-9432-4676-B989-C7AFAB186E5A}.AppStore|x86.Build.0 = Release|Any CPU
		{C6C39DBA-9432-4676-B989-C7AFAB186E5A}.AppStore|x86.Deploy.0 = Release|Any CPU
		{C6C39DBA-9432-4676-B989-C7AFAB186E5A}.Debug|Any CPU.ActiveCfg = Debug|Any CPU
		{C6C39DBA-9432-4676-B989-C7AFAB186E5A}.Debug|Any CPU.Build.0 = Debug|Any CPU
		{C6C39DBA-9432-4676-B989-C7AFAB186E5A}.Debug|Any CPU.Deploy.0 = Debug|Any CPU
		{C6C39DBA-9432-4676-B989-C7AFAB186E5A}.Debug|ARM.ActiveCfg = Debug|Any CPU
		{C6C39DBA-9432-4676-B989-C7AFAB186E5A}.Debug|ARM.Build.0 = Debug|Any CPU
		{C6C39DBA-9432-4676-B989-C7AFAB186E5A}.Debug|ARM.Deploy.0 = Debug|Any CPU
		{C6C39DBA-9432-4676-B989-C7AFAB186E5A}.Debug|iPhone.ActiveCfg = Debug|Any CPU
		{C6C39DBA-9432-4676-B989-C7AFAB186E5A}.Debug|iPhone.Build.0 = Debug|Any CPU
		{C6C39DBA-9432-4676-B989-C7AFAB186E5A}.Debug|iPhone.Deploy.0 = Debug|Any CPU
		{C6C39DBA-9432-4676-B989-C7AFAB186E5A}.Debug|iPhoneSimulator.ActiveCfg = Debug|Any CPU
		{C6C39DBA-9432-4676-B989-C7AFAB186E5A}.Debug|iPhoneSimulator.Build.0 = Debug|Any CPU
		{C6C39DBA-9432-4676-B989-C7AFAB186E5A}.Debug|iPhoneSimulator.Deploy.0 = Debug|Any CPU
		{C6C39DBA-9432-4676-B989-C7AFAB186E5A}.Debug|x64.ActiveCfg = Debug|Any CPU
		{C6C39DBA-9432-4676-B989-C7AFAB186E5A}.Debug|x64.Build.0 = Debug|Any CPU
		{C6C39DBA-9432-4676-B989-C7AFAB186E5A}.Debug|x64.Deploy.0 = Debug|Any CPU
		{C6C39DBA-9432-4676-B989-C7AFAB186E5A}.Debug|x86.ActiveCfg = Debug|Any CPU
		{C6C39DBA-9432-4676-B989-C7AFAB186E5A}.Debug|x86.Build.0 = Debug|Any CPU
		{C6C39DBA-9432-4676-B989-C7AFAB186E5A}.Debug|x86.Deploy.0 = Debug|Any CPU
		{C6C39DBA-9432-4676-B989-C7AFAB186E5A}.Release|Any CPU.ActiveCfg = Release|Any CPU
		{C6C39DBA-9432-4676-B989-C7AFAB186E5A}.Release|Any CPU.Build.0 = Release|Any CPU
		{C6C39DBA-9432-4676-B989-C7AFAB186E5A}.Release|Any CPU.Deploy.0 = Release|Any CPU
		{C6C39DBA-9432-4676-B989-C7AFAB186E5A}.Release|ARM.ActiveCfg = Release|Any CPU
		{C6C39DBA-9432-4676-B989-C7AFAB186E5A}.Release|ARM.Build.0 = Release|Any CPU
		{C6C39DBA-9432-4676-B989-C7AFAB186E5A}.Release|ARM.Deploy.0 = Release|Any CPU
		{C6C39DBA-9432-4676-B989-C7AFAB186E5A}.Release|iPhone.ActiveCfg = Release|Any CPU
		{C6C39DBA-9432-4676-B989-C7AFAB186E5A}.Release|iPhone.Build.0 = Release|Any CPU
		{C6C39DBA-9432-4676-B989-C7AFAB186E5A}.Release|iPhone.Deploy.0 = Release|Any CPU
		{C6C39DBA-9432-4676-B989-C7AFAB186E5A}.Release|iPhoneSimulator.ActiveCfg = Release|Any CPU
		{C6C39DBA-9432-4676-B989-C7AFAB186E5A}.Release|iPhoneSimulator.Build.0 = Release|Any CPU
		{C6C39DBA-9432-4676-B989-C7AFAB186E5A}.Release|iPhoneSimulator.Deploy.0 = Release|Any CPU
		{C6C39DBA-9432-4676-B989-C7AFAB186E5A}.Release|x64.ActiveCfg = Release|Any CPU
		{C6C39DBA-9432-4676-B989-C7AFAB186E5A}.Release|x64.Build.0 = Release|Any CPU
		{C6C39DBA-9432-4676-B989-C7AFAB186E5A}.Release|x64.Deploy.0 = Release|Any CPU
		{C6C39DBA-9432-4676-B989-C7AFAB186E5A}.Release|x86.ActiveCfg = Release|Any CPU
		{C6C39DBA-9432-4676-B989-C7AFAB186E5A}.Release|x86.Build.0 = Release|Any CPU
		{C6C39DBA-9432-4676-B989-C7AFAB186E5A}.Release|x86.Deploy.0 = Release|Any CPU
		{E4C088E4-BE39-428C-85D5-BCB193F96AAD}.Ad-Hoc|Any CPU.ActiveCfg = Ad-Hoc|iPhone
		{E4C088E4-BE39-428C-85D5-BCB193F96AAD}.Ad-Hoc|ARM.ActiveCfg = Ad-Hoc|iPhone
		{E4C088E4-BE39-428C-85D5-BCB193F96AAD}.Ad-Hoc|iPhone.ActiveCfg = Ad-Hoc|iPhone
		{E4C088E4-BE39-428C-85D5-BCB193F96AAD}.Ad-Hoc|iPhone.Build.0 = Ad-Hoc|iPhone
		{E4C088E4-BE39-428C-85D5-BCB193F96AAD}.Ad-Hoc|iPhoneSimulator.ActiveCfg = Ad-Hoc|iPhoneSimulator
		{E4C088E4-BE39-428C-85D5-BCB193F96AAD}.Ad-Hoc|iPhoneSimulator.Build.0 = Ad-Hoc|iPhoneSimulator
		{E4C088E4-BE39-428C-85D5-BCB193F96AAD}.Ad-Hoc|x64.ActiveCfg = Ad-Hoc|iPhone
		{E4C088E4-BE39-428C-85D5-BCB193F96AAD}.Ad-Hoc|x86.ActiveCfg = Ad-Hoc|iPhone
		{E4C088E4-BE39-428C-85D5-BCB193F96AAD}.AppStore|Any CPU.ActiveCfg = AppStore|iPhone
		{E4C088E4-BE39-428C-85D5-BCB193F96AAD}.AppStore|ARM.ActiveCfg = AppStore|iPhone
		{E4C088E4-BE39-428C-85D5-BCB193F96AAD}.AppStore|iPhone.ActiveCfg = AppStore|iPhone
		{E4C088E4-BE39-428C-85D5-BCB193F96AAD}.AppStore|iPhone.Build.0 = AppStore|iPhone
		{E4C088E4-BE39-428C-85D5-BCB193F96AAD}.AppStore|iPhoneSimulator.ActiveCfg = AppStore|iPhoneSimulator
		{E4C088E4-BE39-428C-85D5-BCB193F96AAD}.AppStore|iPhoneSimulator.Build.0 = AppStore|iPhoneSimulator
		{E4C088E4-BE39-428C-85D5-BCB193F96AAD}.AppStore|x64.ActiveCfg = AppStore|iPhone
		{E4C088E4-BE39-428C-85D5-BCB193F96AAD}.AppStore|x86.ActiveCfg = AppStore|iPhone
		{E4C088E4-BE39-428C-85D5-BCB193F96AAD}.Debug|Any CPU.ActiveCfg = Debug|iPhone
		{E4C088E4-BE39-428C-85D5-BCB193F96AAD}.Debug|ARM.ActiveCfg = Debug|iPhone
		{E4C088E4-BE39-428C-85D5-BCB193F96AAD}.Debug|iPhone.ActiveCfg = Debug|iPhone
		{E4C088E4-BE39-428C-85D5-BCB193F96AAD}.Debug|iPhone.Build.0 = Debug|iPhone
		{E4C088E4-BE39-428C-85D5-BCB193F96AAD}.Debug|iPhoneSimulator.ActiveCfg = Debug|iPhoneSimulator
		{E4C088E4-BE39-428C-85D5-BCB193F96AAD}.Debug|iPhoneSimulator.Build.0 = Debug|iPhoneSimulator
		{E4C088E4-BE39-428C-85D5-BCB193F96AAD}.Debug|x64.ActiveCfg = Debug|iPhone
		{E4C088E4-BE39-428C-85D5-BCB193F96AAD}.Debug|x86.ActiveCfg = Debug|iPhone
		{E4C088E4-BE39-428C-85D5-BCB193F96AAD}.Release|Any CPU.ActiveCfg = Release|iPhone
		{E4C088E4-BE39-428C-85D5-BCB193F96AAD}.Release|ARM.ActiveCfg = Release|iPhone
		{E4C088E4-BE39-428C-85D5-BCB193F96AAD}.Release|iPhone.ActiveCfg = Release|iPhone
		{E4C088E4-BE39-428C-85D5-BCB193F96AAD}.Release|iPhone.Build.0 = Release|iPhone
		{E4C088E4-BE39-428C-85D5-BCB193F96AAD}.Release|iPhoneSimulator.ActiveCfg = Release|iPhoneSimulator
		{E4C088E4-BE39-428C-85D5-BCB193F96AAD}.Release|iPhoneSimulator.Build.0 = Release|iPhoneSimulator
		{E4C088E4-BE39-428C-85D5-BCB193F96AAD}.Release|x64.ActiveCfg = Release|iPhone
		{E4C088E4-BE39-428C-85D5-BCB193F96AAD}.Release|x86.ActiveCfg = Release|iPhone
		{4FA4FC64-773B-4E22-B5D2-FE2CE8FD4FAA}.Ad-Hoc|Any CPU.ActiveCfg = Release|x86
		{4FA4FC64-773B-4E22-B5D2-FE2CE8FD4FAA}.Ad-Hoc|Any CPU.Build.0 = Release|x86
		{4FA4FC64-773B-4E22-B5D2-FE2CE8FD4FAA}.Ad-Hoc|Any CPU.Deploy.0 = Release|x86
		{4FA4FC64-773B-4E22-B5D2-FE2CE8FD4FAA}.Ad-Hoc|ARM.ActiveCfg = Release|ARM
		{4FA4FC64-773B-4E22-B5D2-FE2CE8FD4FAA}.Ad-Hoc|ARM.Build.0 = Release|ARM
		{4FA4FC64-773B-4E22-B5D2-FE2CE8FD4FAA}.Ad-Hoc|ARM.Deploy.0 = Release|ARM
		{4FA4FC64-773B-4E22-B5D2-FE2CE8FD4FAA}.Ad-Hoc|iPhone.ActiveCfg = Release|x86
		{4FA4FC64-773B-4E22-B5D2-FE2CE8FD4FAA}.Ad-Hoc|iPhone.Build.0 = Release|x86
		{4FA4FC64-773B-4E22-B5D2-FE2CE8FD4FAA}.Ad-Hoc|iPhone.Deploy.0 = Release|x86
		{4FA4FC64-773B-4E22-B5D2-FE2CE8FD4FAA}.Ad-Hoc|iPhoneSimulator.ActiveCfg = Release|x86
		{4FA4FC64-773B-4E22-B5D2-FE2CE8FD4FAA}.Ad-Hoc|iPhoneSimulator.Build.0 = Release|x86
		{4FA4FC64-773B-4E22-B5D2-FE2CE8FD4FAA}.Ad-Hoc|iPhoneSimulator.Deploy.0 = Release|x86
		{4FA4FC64-773B-4E22-B5D2-FE2CE8FD4FAA}.Ad-Hoc|x64.ActiveCfg = Release|x64
		{4FA4FC64-773B-4E22-B5D2-FE2CE8FD4FAA}.Ad-Hoc|x64.Build.0 = Release|x64
		{4FA4FC64-773B-4E22-B5D2-FE2CE8FD4FAA}.Ad-Hoc|x64.Deploy.0 = Release|x64
		{4FA4FC64-773B-4E22-B5D2-FE2CE8FD4FAA}.Ad-Hoc|x86.ActiveCfg = Release|x86
		{4FA4FC64-773B-4E22-B5D2-FE2CE8FD4FAA}.Ad-Hoc|x86.Build.0 = Release|x86
		{4FA4FC64-773B-4E22-B5D2-FE2CE8FD4FAA}.Ad-Hoc|x86.Deploy.0 = Release|x86
		{4FA4FC64-773B-4E22-B5D2-FE2CE8FD4FAA}.AppStore|Any CPU.ActiveCfg = Release|x86
		{4FA4FC64-773B-4E22-B5D2-FE2CE8FD4FAA}.AppStore|Any CPU.Build.0 = Release|x86
		{4FA4FC64-773B-4E22-B5D2-FE2CE8FD4FAA}.AppStore|Any CPU.Deploy.0 = Release|x86
		{4FA4FC64-773B-4E22-B5D2-FE2CE8FD4FAA}.AppStore|ARM.ActiveCfg = Release|ARM
		{4FA4FC64-773B-4E22-B5D2-FE2CE8FD4FAA}.AppStore|ARM.Build.0 = Release|ARM
		{4FA4FC64-773B-4E22-B5D2-FE2CE8FD4FAA}.AppStore|ARM.Deploy.0 = Release|ARM
		{4FA4FC64-773B-4E22-B5D2-FE2CE8FD4FAA}.AppStore|iPhone.ActiveCfg = Release|x86
		{4FA4FC64-773B-4E22-B5D2-FE2CE8FD4FAA}.AppStore|iPhone.Build.0 = Release|x86
		{4FA4FC64-773B-4E22-B5D2-FE2CE8FD4FAA}.AppStore|iPhone.Deploy.0 = Release|x86
		{4FA4FC64-773B-4E22-B5D2-FE2CE8FD4FAA}.AppStore|iPhoneSimulator.ActiveCfg = Release|x86
		{4FA4FC64-773B-4E22-B5D2-FE2CE8FD4FAA}.AppStore|iPhoneSimulator.Build.0 = Release|x86
		{4FA4FC64-773B-4E22-B5D2-FE2CE8FD4FAA}.AppStore|iPhoneSimulator.Deploy.0 = Release|x86
		{4FA4FC64-773B-4E22-B5D2-FE2CE8FD4FAA}.AppStore|x64.ActiveCfg = Release|x64
		{4FA4FC64-773B-4E22-B5D2-FE2CE8FD4FAA}.AppStore|x64.Build.0 = Release|x64
		{4FA4FC64-773B-4E22-B5D2-FE2CE8FD4FAA}.AppStore|x64.Deploy.0 = Release|x64
		{4FA4FC64-773B-4E22-B5D2-FE2CE8FD4FAA}.AppStore|x86.ActiveCfg = Release|x86
		{4FA4FC64-773B-4E22-B5D2-FE2CE8FD4FAA}.AppStore|x86.Build.0 = Release|x86
		{4FA4FC64-773B-4E22-B5D2-FE2CE8FD4FAA}.AppStore|x86.Deploy.0 = Release|x86
		{4FA4FC64-773B-4E22-B5D2-FE2CE8FD4FAA}.Debug|Any CPU.ActiveCfg = Debug|x86
		{4FA4FC64-773B-4E22-B5D2-FE2CE8FD4FAA}.Debug|ARM.ActiveCfg = Debug|ARM
		{4FA4FC64-773B-4E22-B5D2-FE2CE8FD4FAA}.Debug|ARM.Build.0 = Debug|ARM
		{4FA4FC64-773B-4E22-B5D2-FE2CE8FD4FAA}.Debug|ARM.Deploy.0 = Debug|ARM
		{4FA4FC64-773B-4E22-B5D2-FE2CE8FD4FAA}.Debug|iPhone.ActiveCfg = Debug|x86
		{4FA4FC64-773B-4E22-B5D2-FE2CE8FD4FAA}.Debug|iPhoneSimulator.ActiveCfg = Debug|x86
		{4FA4FC64-773B-4E22-B5D2-FE2CE8FD4FAA}.Debug|x64.ActiveCfg = Debug|x64
		{4FA4FC64-773B-4E22-B5D2-FE2CE8FD4FAA}.Debug|x64.Build.0 = Debug|x64
		{4FA4FC64-773B-4E22-B5D2-FE2CE8FD4FAA}.Debug|x64.Deploy.0 = Debug|x64
		{4FA4FC64-773B-4E22-B5D2-FE2CE8FD4FAA}.Debug|x86.ActiveCfg = Debug|x86
		{4FA4FC64-773B-4E22-B5D2-FE2CE8FD4FAA}.Debug|x86.Build.0 = Debug|x86
		{4FA4FC64-773B-4E22-B5D2-FE2CE8FD4FAA}.Debug|x86.Deploy.0 = Debug|x86
		{4FA4FC64-773B-4E22-B5D2-FE2CE8FD4FAA}.Release|Any CPU.ActiveCfg = Release|x86
		{4FA4FC64-773B-4E22-B5D2-FE2CE8FD4FAA}.Release|ARM.ActiveCfg = Release|ARM
		{4FA4FC64-773B-4E22-B5D2-FE2CE8FD4FAA}.Release|ARM.Build.0 = Release|ARM
		{4FA4FC64-773B-4E22-B5D2-FE2CE8FD4FAA}.Release|ARM.Deploy.0 = Release|ARM
		{4FA4FC64-773B-4E22-B5D2-FE2CE8FD4FAA}.Release|iPhone.ActiveCfg = Release|x86
		{4FA4FC64-773B-4E22-B5D2-FE2CE8FD4FAA}.Release|iPhoneSimulator.ActiveCfg = Release|x86
		{4FA4FC64-773B-4E22-B5D2-FE2CE8FD4FAA}.Release|x64.ActiveCfg = Release|x64
		{4FA4FC64-773B-4E22-B5D2-FE2CE8FD4FAA}.Release|x64.Build.0 = Release|x64
		{4FA4FC64-773B-4E22-B5D2-FE2CE8FD4FAA}.Release|x64.Deploy.0 = Release|x64
		{4FA4FC64-773B-4E22-B5D2-FE2CE8FD4FAA}.Release|x86.ActiveCfg = Release|x86
		{4FA4FC64-773B-4E22-B5D2-FE2CE8FD4FAA}.Release|x86.Build.0 = Release|x86
		{4FA4FC64-773B-4E22-B5D2-FE2CE8FD4FAA}.Release|x86.Deploy.0 = Release|x86
		{B3169C46-2723-4BC1-8E25-DA46DB616C0F}.Ad-Hoc|Any CPU.ActiveCfg = Debug|Any CPU
		{B3169C46-2723-4BC1-8E25-DA46DB616C0F}.Ad-Hoc|Any CPU.Build.0 = Debug|Any CPU
		{B3169C46-2723-4BC1-8E25-DA46DB616C0F}.Ad-Hoc|ARM.ActiveCfg = Debug|Any CPU
		{B3169C46-2723-4BC1-8E25-DA46DB616C0F}.Ad-Hoc|ARM.Build.0 = Debug|Any CPU
		{B3169C46-2723-4BC1-8E25-DA46DB616C0F}.Ad-Hoc|iPhone.ActiveCfg = Debug|Any CPU
		{B3169C46-2723-4BC1-8E25-DA46DB616C0F}.Ad-Hoc|iPhone.Build.0 = Debug|Any CPU
		{B3169C46-2723-4BC1-8E25-DA46DB616C0F}.Ad-Hoc|iPhoneSimulator.ActiveCfg = Debug|Any CPU
		{B3169C46-2723-4BC1-8E25-DA46DB616C0F}.Ad-Hoc|iPhoneSimulator.Build.0 = Debug|Any CPU
		{B3169C46-2723-4BC1-8E25-DA46DB616C0F}.Ad-Hoc|x64.ActiveCfg = Debug|Any CPU
		{B3169C46-2723-4BC1-8E25-DA46DB616C0F}.Ad-Hoc|x64.Build.0 = Debug|Any CPU
		{B3169C46-2723-4BC1-8E25-DA46DB616C0F}.Ad-Hoc|x86.ActiveCfg = Debug|Any CPU
		{B3169C46-2723-4BC1-8E25-DA46DB616C0F}.Ad-Hoc|x86.Build.0 = Debug|Any CPU
		{B3169C46-2723-4BC1-8E25-DA46DB616C0F}.AppStore|Any CPU.ActiveCfg = Debug|Any CPU
		{B3169C46-2723-4BC1-8E25-DA46DB616C0F}.AppStore|Any CPU.Build.0 = Debug|Any CPU
		{B3169C46-2723-4BC1-8E25-DA46DB616C0F}.AppStore|ARM.ActiveCfg = Debug|Any CPU
		{B3169C46-2723-4BC1-8E25-DA46DB616C0F}.AppStore|ARM.Build.0 = Debug|Any CPU
		{B3169C46-2723-4BC1-8E25-DA46DB616C0F}.AppStore|iPhone.ActiveCfg = Debug|Any CPU
		{B3169C46-2723-4BC1-8E25-DA46DB616C0F}.AppStore|iPhone.Build.0 = Debug|Any CPU
		{B3169C46-2723-4BC1-8E25-DA46DB616C0F}.AppStore|iPhoneSimulator.ActiveCfg = Debug|Any CPU
		{B3169C46-2723-4BC1-8E25-DA46DB616C0F}.AppStore|iPhoneSimulator.Build.0 = Debug|Any CPU
		{B3169C46-2723-4BC1-8E25-DA46DB616C0F}.AppStore|x64.ActiveCfg = Debug|Any CPU
		{B3169C46-2723-4BC1-8E25-DA46DB616C0F}.AppStore|x64.Build.0 = Debug|Any CPU
		{B3169C46-2723-4BC1-8E25-DA46DB616C0F}.AppStore|x86.ActiveCfg = Debug|Any CPU
		{B3169C46-2723-4BC1-8E25-DA46DB616C0F}.AppStore|x86.Build.0 = Debug|Any CPU
		{B3169C46-2723-4BC1-8E25-DA46DB616C0F}.Debug|Any CPU.ActiveCfg = Debug|Any CPU
		{B3169C46-2723-4BC1-8E25-DA46DB616C0F}.Debug|Any CPU.Build.0 = Debug|Any CPU
		{B3169C46-2723-4BC1-8E25-DA46DB616C0F}.Debug|ARM.ActiveCfg = Debug|Any CPU
		{B3169C46-2723-4BC1-8E25-DA46DB616C0F}.Debug|ARM.Build.0 = Debug|Any CPU
		{B3169C46-2723-4BC1-8E25-DA46DB616C0F}.Debug|iPhone.ActiveCfg = Debug|Any CPU
		{B3169C46-2723-4BC1-8E25-DA46DB616C0F}.Debug|iPhone.Build.0 = Debug|Any CPU
		{B3169C46-2723-4BC1-8E25-DA46DB616C0F}.Debug|iPhoneSimulator.ActiveCfg = Debug|Any CPU
		{B3169C46-2723-4BC1-8E25-DA46DB616C0F}.Debug|iPhoneSimulator.Build.0 = Debug|Any CPU
		{B3169C46-2723-4BC1-8E25-DA46DB616C0F}.Debug|x64.ActiveCfg = Debug|Any CPU
		{B3169C46-2723-4BC1-8E25-DA46DB616C0F}.Debug|x64.Build.0 = Debug|Any CPU
		{B3169C46-2723-4BC1-8E25-DA46DB616C0F}.Debug|x86.ActiveCfg = Debug|Any CPU
		{B3169C46-2723-4BC1-8E25-DA46DB616C0F}.Debug|x86.Build.0 = Debug|Any CPU
		{B3169C46-2723-4BC1-8E25-DA46DB616C0F}.Release|Any CPU.ActiveCfg = Release|Any CPU
		{B3169C46-2723-4BC1-8E25-DA46DB616C0F}.Release|Any CPU.Build.0 = Release|Any CPU
		{B3169C46-2723-4BC1-8E25-DA46DB616C0F}.Release|ARM.ActiveCfg = Release|Any CPU
		{B3169C46-2723-4BC1-8E25-DA46DB616C0F}.Release|ARM.Build.0 = Release|Any CPU
		{B3169C46-2723-4BC1-8E25-DA46DB616C0F}.Release|iPhone.ActiveCfg = Release|Any CPU
		{B3169C46-2723-4BC1-8E25-DA46DB616C0F}.Release|iPhone.Build.0 = Release|Any CPU
		{B3169C46-2723-4BC1-8E25-DA46DB616C0F}.Release|iPhoneSimulator.ActiveCfg = Release|Any CPU
		{B3169C46-2723-4BC1-8E25-DA46DB616C0F}.Release|iPhoneSimulator.Build.0 = Release|Any CPU
		{B3169C46-2723-4BC1-8E25-DA46DB616C0F}.Release|x64.ActiveCfg = Release|Any CPU
		{B3169C46-2723-4BC1-8E25-DA46DB616C0F}.Release|x64.Build.0 = Release|Any CPU
		{B3169C46-2723-4BC1-8E25-DA46DB616C0F}.Release|x86.ActiveCfg = Release|Any CPU
		{B3169C46-2723-4BC1-8E25-DA46DB616C0F}.Release|x86.Build.0 = Release|Any CPU
	EndGlobalSection
	GlobalSection(SolutionProperties) = preSolution
		HideSolutionNode = FALSE
	EndGlobalSection
	GlobalSection(ExtensibilityGlobals) = postSolution
		SolutionGuid = {45620207-D8B0-4A06-A880-95B406AA7D09}
	EndGlobalSection
EndGlobal
