
Microsoft Visual Studio Solution File, Format Version 12.00
# Visual Studio 15
VisualStudioVersion = 15.0.28307.168
MinimumVisualStudioVersion = 10.0.40219.1
Project("{FAE04EC0-301F-11D3-BF4B-00C04F79EFBC}") = "App1.Android", "App1\App1.Android\App1.Android.csproj", "{FBA83112-D72C-41C9-B170-F2E51369BE5A}"
EndProject
Project("{FAE04EC0-301F-11D3-BF4B-00C04F79EFBC}") = "App1.iOS", "App1\App1.iOS\App1.iOS.csproj", "{4FC8329C-3999-4CA1-BE2C-C1773475CD9A}"
EndProject
Project("{FAE04EC0-301F-11D3-BF4B-00C04F79EFBC}") = "App1", "App1\App1\App1.csproj", "{39302148-E947-47C6-9F6F-1C5C16441370}"
EndProject
Global
	GlobalSection(SolutionConfigurationPlatforms) = preSolution
		Ad-Hoc|Any CPU = Ad-Hoc|Any CPU
		Ad-Hoc|iPhone = Ad-Hoc|iPhone
		Ad-Hoc|iPhoneSimulator = Ad-Hoc|iPhoneSimulator
		AppStore|Any CPU = AppStore|Any CPU
		AppStore|iPhone = AppStore|iPhone
		AppStore|iPhoneSimulator = AppStore|iPhoneSimulator
		Debug|Any CPU = Debug|Any CPU
		Debug|iPhone = Debug|iPhone
		Debug|iPhoneSimulator = Debug|iPhoneSimulator
		Release|Any CPU = Release|Any CPU
		Release|iPhone = Release|iPhone
		Release|iPhoneSimulator = Release|iPhoneSimulator
	EndGlobalSection
	GlobalSection(ProjectConfigurationPlatforms) = postSolution
		{FBA83112-D72C-41C9-B170-F2E51369BE5A}.Ad-Hoc|Any CPU.ActiveCfg = Release|Any CPU
		{FBA83112-D72C-41C9-B170-F2E51369BE5A}.Ad-Hoc|Any CPU.Build.0 = Release|Any CPU
		{FBA83112-D72C-41C9-B170-F2E51369BE5A}.Ad-Hoc|Any CPU.Deploy.0 = Release|Any CPU
		{FBA83112-D72C-41C9-B170-F2E51369BE5A}.Ad-Hoc|iPhone.ActiveCfg = Release|Any CPU
		{FBA83112-D72C-41C9-B170-F2E51369BE5A}.Ad-Hoc|iPhone.Build.0 = Release|Any CPU
		{FBA83112-D72C-41C9-B170-F2E51369BE5A}.Ad-Hoc|iPhone.Deploy.0 = Release|Any CPU
		{FBA83112-D72C-41C9-B170-F2E51369BE5A}.Ad-Hoc|iPhoneSimulator.ActiveCfg = Release|Any CPU
		{FBA83112-D72C-41C9-B170-F2E51369BE5A}.Ad-Hoc|iPhoneSimulator.Build.0 = Release|Any CPU
		{FBA83112-D72C-41C9-B170-F2E51369BE5A}.Ad-Hoc|iPhoneSimulator.Deploy.0 = Release|Any CPU
		{FBA83112-D72C-41C9-B170-F2E51369BE5A}.AppStore|Any CPU.ActiveCfg = Release|Any CPU
		{FBA83112-D72C-41C9-B170-F2E51369BE5A}.AppStore|Any CPU.Build.0 = Release|Any CPU
		{FBA83112-D72C-41C9-B170-F2E51369BE5A}.AppStore|Any CPU.Deploy.0 = Release|Any CPU
		{FBA83112-D72C-41C9-B170-F2E51369BE5A}.AppStore|iPhone.ActiveCfg = Release|Any CPU
		{FBA83112-D72C-41C9-B170-F2E51369BE5A}.AppStore|iPhone.Build.0 = Release|Any CPU
		{FBA83112-D72C-41C9-B170-F2E51369BE5A}.AppStore|iPhone.Deploy.0 = Release|Any CPU
		{FBA83112-D72C-41C9-B170-F2E51369BE5A}.AppStore|iPhoneSimulator.ActiveCfg = Release|Any CPU
		{FBA83112-D72C-41C9-B170-F2E51369BE5A}.AppStore|iPhoneSimulator.Build.0 = Release|Any CPU
		{FBA83112-D72C-41C9-B170-F2E51369BE5A}.AppStore|iPhoneSimulator.Deploy.0 = Release|Any CPU
		{FBA83112-D72C-41C9-B170-F2E51369BE5A}.Debug|Any CPU.ActiveCfg = Debug|Any CPU
		{FBA83112-D72C-41C9-B170-F2E51369BE5A}.Debug|Any CPU.Build.0 = Debug|Any CPU
		{FBA83112-D72C-41C9-B170-F2E51369BE5A}.Debug|Any CPU.Deploy.0 = Debug|Any CPU
		{FBA83112-D72C-41C9-B170-F2E51369BE5A}.Debug|iPhone.ActiveCfg = Debug|Any CPU
		{FBA83112-D72C-41C9-B170-F2E51369BE5A}.Debug|iPhone.Build.0 = Debug|Any CPU
		{FBA83112-D72C-41C9-B170-F2E51369BE5A}.Debug|iPhone.Deploy.0 = Debug|Any CPU
		{FBA83112-D72C-41C9-B170-F2E51369BE5A}.Debug|iPhoneSimulator.ActiveCfg = Debug|Any CPU
		{FBA83112-D72C-41C9-B170-F2E51369BE5A}.Debug|iPhoneSimulator.Build.0 = Debug|Any CPU
		{FBA83112-D72C-41C9-B170-F2E51369BE5A}.Debug|iPhoneSimulator.Deploy.0 = Debug|Any CPU
		{FBA83112-D72C-41C9-B170-F2E51369BE5A}.Release|Any CPU.ActiveCfg = Release|Any CPU
		{FBA83112-D72C-41C9-B170-F2E51369BE5A}.Release|Any CPU.Build.0 = Release|Any CPU
		{FBA83112-D72C-41C9-B170-F2E51369BE5A}.Release|Any CPU.Deploy.0 = Release|Any CPU
		{FBA83112-D72C-41C9-B170-F2E51369BE5A}.Release|iPhone.ActiveCfg = Release|Any CPU
		{FBA83112-D72C-41C9-B170-F2E51369BE5A}.Release|iPhone.Build.0 = Release|Any CPU
		{FBA83112-D72C-41C9-B170-F2E51369BE5A}.Release|iPhone.Deploy.0 = Release|Any CPU
		{FBA83112-D72C-41C9-B170-F2E51369BE5A}.Release|iPhoneSimulator.ActiveCfg = Release|Any CPU
		{FBA83112-D72C-41C9-B170-F2E51369BE5A}.Release|iPhoneSimulator.Build.0 = Release|Any CPU
		{FBA83112-D72C-41C9-B170-F2E51369BE5A}.Release|iPhoneSimulator.Deploy.0 = Release|Any CPU
		{4FC8329C-3999-4CA1-BE2C-C1773475CD9A}.Ad-Hoc|Any CPU.ActiveCfg = Ad-Hoc|iPhone
		{4FC8329C-3999-4CA1-BE2C-C1773475CD9A}.Ad-Hoc|iPhone.ActiveCfg = Ad-Hoc|iPhone
		{4FC8329C-3999-4CA1-BE2C-C1773475CD9A}.Ad-Hoc|iPhone.Build.0 = Ad-Hoc|iPhone
		{4FC8329C-3999-4CA1-BE2C-C1773475CD9A}.Ad-Hoc|iPhoneSimulator.ActiveCfg = Ad-Hoc|iPhoneSimulator
		{4FC8329C-3999-4CA1-BE2C-C1773475CD9A}.Ad-Hoc|iPhoneSimulator.Build.0 = Ad-Hoc|iPhoneSimulator
		{4FC8329C-3999-4CA1-BE2C-C1773475CD9A}.AppStore|Any CPU.ActiveCfg = AppStore|iPhone
		{4FC8329C-3999-4CA1-BE2C-C1773475CD9A}.AppStore|iPhone.ActiveCfg = AppStore|iPhone
		{4FC8329C-3999-4CA1-BE2C-C1773475CD9A}.AppStore|iPhone.Build.0 = AppStore|iPhone
		{4FC8329C-3999-4CA1-BE2C-C1773475CD9A}.AppStore|iPhoneSimulator.ActiveCfg = AppStore|iPhoneSimulator
		{4FC8329C-3999-4CA1-BE2C-C1773475CD9A}.AppStore|iPhoneSimulator.Build.0 = AppStore|iPhoneSimulator
		{4FC8329C-3999-4CA1-BE2C-C1773475CD9A}.Debug|Any CPU.ActiveCfg = Debug|iPhone
		{4FC8329C-3999-4CA1-BE2C-C1773475CD9A}.Debug|iPhone.ActiveCfg = Debug|iPhone
		{4FC8329C-3999-4CA1-BE2C-C1773475CD9A}.Debug|iPhone.Build.0 = Debug|iPhone
		{4FC8329C-3999-4CA1-BE2C-C1773475CD9A}.Debug|iPhoneSimulator.ActiveCfg = Debug|iPhoneSimulator
		{4FC8329C-3999-4CA1-BE2C-C1773475CD9A}.Debug|iPhoneSimulator.Build.0 = Debug|iPhoneSimulator
		{4FC8329C-3999-4CA1-BE2C-C1773475CD9A}.Release|Any CPU.ActiveCfg = Release|iPhone
		{4FC8329C-3999-4CA1-BE2C-C1773475CD9A}.Release|iPhone.ActiveCfg = Release|iPhone
		{4FC8329C-3999-4CA1-BE2C-C1773475CD9A}.Release|iPhone.Build.0 = Release|iPhone
		{4FC8329C-3999-4CA1-BE2C-C1773475CD9A}.Release|iPhoneSimulator.ActiveCfg = Release|iPhoneSimulator
		{4FC8329C-3999-4CA1-BE2C-C1773475CD9A}.Release|iPhoneSimulator.Build.0 = Release|iPhoneSimulator
		{39302148-E947-47C6-9F6F-1C5C16441370}.Ad-Hoc|Any CPU.ActiveCfg = Debug|Any CPU
		{39302148-E947-47C6-9F6F-1C5C16441370}.Ad-Hoc|Any CPU.Build.0 = Debug|Any CPU
		{39302148-E947-47C6-9F6F-1C5C16441370}.Ad-Hoc|iPhone.ActiveCfg = Debug|Any CPU
		{39302148-E947-47C6-9F6F-1C5C16441370}.Ad-Hoc|iPhone.Build.0 = Debug|Any CPU
		{39302148-E947-47C6-9F6F-1C5C16441370}.Ad-Hoc|iPhoneSimulator.ActiveCfg = Debug|Any CPU
		{39302148-E947-47C6-9F6F-1C5C16441370}.Ad-Hoc|iPhoneSimulator.Build.0 = Debug|Any CPU
		{39302148-E947-47C6-9F6F-1C5C16441370}.AppStore|Any CPU.ActiveCfg = Debug|Any CPU
		{39302148-E947-47C6-9F6F-1C5C16441370}.AppStore|Any CPU.Build.0 = Debug|Any CPU
		{39302148-E947-47C6-9F6F-1C5C16441370}.AppStore|iPhone.ActiveCfg = Debug|Any CPU
		{39302148-E947-47C6-9F6F-1C5C16441370}.AppStore|iPhone.Build.0 = Debug|Any CPU
		{39302148-E947-47C6-9F6F-1C5C16441370}.AppStore|iPhoneSimulator.ActiveCfg = Debug|Any CPU
		{39302148-E947-47C6-9F6F-1C5C16441370}.AppStore|iPhoneSimulator.Build.0 = Debug|Any CPU
		{39302148-E947-47C6-9F6F-1C5C16441370}.Debug|Any CPU.ActiveCfg = Debug|Any CPU
		{39302148-E947-47C6-9F6F-1C5C16441370}.Debug|Any CPU.Build.0 = Debug|Any CPU
		{39302148-E947-47C6-9F6F-1C5C16441370}.Debug|iPhone.ActiveCfg = Debug|Any CPU
		{39302148-E947-47C6-9F6F-1C5C16441370}.Debug|iPhone.Build.0 = Debug|Any CPU
		{39302148-E947-47C6-9F6F-1C5C16441370}.Debug|iPhoneSimulator.ActiveCfg = Debug|Any CPU
		{39302148-E947-47C6-9F6F-1C5C16441370}.Debug|iPhoneSimulator.Build.0 = Debug|Any CPU
		{39302148-E947-47C6-9F6F-1C5C16441370}.Release|Any CPU.ActiveCfg = Release|Any CPU
		{39302148-E947-47C6-9F6F-1C5C16441370}.Release|Any CPU.Build.0 = Release|Any CPU
		{39302148-E947-47C6-9F6F-1C5C16441370}.Release|iPhone.ActiveCfg = Release|Any CPU
		{39302148-E947-47C6-9F6F-1C5C16441370}.Release|iPhone.Build.0 = Release|Any CPU
		{39302148-E947-47C6-9F6F-1C5C16441370}.Release|iPhoneSimulator.ActiveCfg = Release|Any CPU
		{39302148-E947-47C6-9F6F-1C5C16441370}.Release|iPhoneSimulator.Build.0 = Release|Any CPU
	EndGlobalSection
	GlobalSection(SolutionProperties) = preSolution
		HideSolutionNode = FALSE
	EndGlobalSection
	GlobalSection(ExtensibilityGlobals) = postSolution
		SolutionGuid = {45620207-D8B0-4A06-A880-95B406AA7D09}
	EndGlobalSection
EndGlobal
